// !$*UTF8*$!
{
	archiveVersion = 1;
	classes = {
	};
	objectVersion = 56;
	objects = {

/* Begin PBXBuildFile section */
		2902034C2A29648600F217F9 /* OnboardingViewController.swift in Sources */ = {isa = PBXBuildFile; fileRef = 2902034B2A29648600F217F9 /* OnboardingViewController.swift */; };
		2902034E2A29C68600F217F9 /* OnboardingPageViewController.swift in Sources */ = {isa = PBXBuildFile; fileRef = 2902034D2A29C68600F217F9 /* OnboardingPageViewController.swift */; };
		290203962A2D92E700F217F9 /* SetCategoriesViewController.swift in Sources */ = {isa = PBXBuildFile; fileRef = 290203952A2D92E700F217F9 /* SetCategoriesViewController.swift */; };
		290203982A2D937600F217F9 /* CategoryCell.swift in Sources */ = {isa = PBXBuildFile; fileRef = 290203972A2D937600F217F9 /* CategoryCell.swift */; };
		2902039A2A2DA0F500F217F9 /* CategoriesViewModel.swift in Sources */ = {isa = PBXBuildFile; fileRef = 290203992A2DA0F500F217F9 /* CategoriesViewModel.swift */; };
		290203A22A2EEBB600F217F9 /* CategoryFormViewController.swift in Sources */ = {isa = PBXBuildFile; fileRef = 290203A12A2EEBB600F217F9 /* CategoryFormViewController.swift */; };
		2925C4042A11904F0040332B /* TrackerTextField.swift in Sources */ = {isa = PBXBuildFile; fileRef = 2925C4032A11904F0040332B /* TrackerTextField.swift */; };
		2925C4062A11A3CD0040332B /* ScheduleViewController.swift in Sources */ = {isa = PBXBuildFile; fileRef = 2925C4052A11A3CD0040332B /* ScheduleViewController.swift */; };
		2925C4082A11A4F20040332B /* WeekdayCell.swift in Sources */ = {isa = PBXBuildFile; fileRef = 2925C4072A11A4F20040332B /* WeekdayCell.swift */; };
		295605362A108A76008F0983 /* UIStackView+Extension.swift in Sources */ = {isa = PBXBuildFile; fileRef = 295605352A108A76008F0983 /* UIStackView+Extension.swift */; };
		295605382A108F48008F0983 /* Date Int+Extension.swift in Sources */ = {isa = PBXBuildFile; fileRef = 295605372A108F48008F0983 /* Date Int+Extension.swift */; };
		29675B3A2A1B19200092DC7C /* Model.xcdatamodeld in Sources */ = {isa = PBXBuildFile; fileRef = 29675B382A1B19200092DC7C /* Model.xcdatamodeld */; };
		29675B3C2A1B1B8F0092DC7C /* EmojiCell.swift in Sources */ = {isa = PBXBuildFile; fileRef = 29675B3B2A1B1B8F0092DC7C /* EmojiCell.swift */; };
		29675B402A1C78590092DC7C /* ColorCell.swift in Sources */ = {isa = PBXBuildFile; fileRef = 29675B3F2A1C78590092DC7C /* ColorCell.swift */; };
		29675B422A1D6B970092DC7C /* TrackerStore.swift in Sources */ = {isa = PBXBuildFile; fileRef = 29675B412A1D6B970092DC7C /* TrackerStore.swift */; };
		29675B442A1D6BAC0092DC7C /* TrackerCategoryStore.swift in Sources */ = {isa = PBXBuildFile; fileRef = 29675B432A1D6BAC0092DC7C /* TrackerCategoryStore.swift */; };
		29675B462A1D6BC40092DC7C /* TrackerRecordStore.swift in Sources */ = {isa = PBXBuildFile; fileRef = 29675B452A1D6BC40092DC7C /* TrackerRecordStore.swift */; };
		29675B482A1D6D980092DC7C /* UIColorMarshalling.swift in Sources */ = {isa = PBXBuildFile; fileRef = 29675B472A1D6D980092DC7C /* UIColorMarshalling.swift */; };
		29D392122A35BCA200DF8E04 /* Localizable.strings in Resources */ = {isa = PBXBuildFile; fileRef = 29D392142A35BCA200DF8E04 /* Localizable.strings */; };
		29D392222A35C21000DF8E04 /* Localizable.stringsdict in Resources */ = {isa = PBXBuildFile; fileRef = 29D392242A35C21000DF8E04 /* Localizable.stringsdict */; };
		29EF3A662A0D704800F9FFCA /* AppDelegate.swift in Sources */ = {isa = PBXBuildFile; fileRef = 29EF3A652A0D704800F9FFCA /* AppDelegate.swift */; };
		29EF3A682A0D704800F9FFCA /* SceneDelegate.swift in Sources */ = {isa = PBXBuildFile; fileRef = 29EF3A672A0D704800F9FFCA /* SceneDelegate.swift */; };
		29EF3A6A2A0D704800F9FFCA /* TabBarViewController.swift in Sources */ = {isa = PBXBuildFile; fileRef = 29EF3A692A0D704800F9FFCA /* TabBarViewController.swift */; };
		29EF3A6F2A0D704900F9FFCA /* Assets.xcassets in Resources */ = {isa = PBXBuildFile; fileRef = 29EF3A6E2A0D704900F9FFCA /* Assets.xcassets */; };
		29EF3A722A0D704900F9FFCA /* LaunchScreen.storyboard in Resources */ = {isa = PBXBuildFile; fileRef = 29EF3A702A0D704900F9FFCA /* LaunchScreen.storyboard */; };
		29EF3A7A2A0D9F1F00F9FFCA /* Colors+Extension.swift in Sources */ = {isa = PBXBuildFile; fileRef = 29EF3A792A0D9F1F00F9FFCA /* Colors+Extension.swift */; };
		29EF3A7C2A0DA16B00F9FFCA /* TrackersViewController.swift in Sources */ = {isa = PBXBuildFile; fileRef = 29EF3A7B2A0DA16B00F9FFCA /* TrackersViewController.swift */; };
		29EF3A7E2A0DA18000F9FFCA /* StatisticViewController.swift in Sources */ = {isa = PBXBuildFile; fileRef = 29EF3A7D2A0DA18000F9FFCA /* StatisticViewController.swift */; };
		29EF3A812A0DA67300F9FFCA /* Emoji.swift in Sources */ = {isa = PBXBuildFile; fileRef = 29EF3A802A0DA67300F9FFCA /* Emoji.swift */; };
		29EF3A842A0DBA1800F9FFCA /* ShowPreviewUI.swift in Sources */ = {isa = PBXBuildFile; fileRef = 29EF3A832A0DBA1800F9FFCA /* ShowPreviewUI.swift */; };
		29EF3A862A0E9A3200F9FFCA /* SetTrackersViewController.swift in Sources */ = {isa = PBXBuildFile; fileRef = 29EF3A852A0E9A3200F9FFCA /* SetTrackersViewController.swift */; };
		29EF3A892A0FE3B900F9FFCA /* Tracker.swift in Sources */ = {isa = PBXBuildFile; fileRef = 29EF3A882A0FE3B900F9FFCA /* Tracker.swift */; };
		29EF3A8B2A0FE3CA00F9FFCA /* TrackerCategory.swift in Sources */ = {isa = PBXBuildFile; fileRef = 29EF3A8A2A0FE3CA00F9FFCA /* TrackerCategory.swift */; };
		29EF3A8D2A0FE3DA00F9FFCA /* TrackerRecord.swift in Sources */ = {isa = PBXBuildFile; fileRef = 29EF3A8C2A0FE3DA00F9FFCA /* TrackerRecord.swift */; };
		29EF3A8F2A0FE67F00F9FFCA /* WeekDay.swift in Sources */ = {isa = PBXBuildFile; fileRef = 29EF3A8E2A0FE67F00F9FFCA /* WeekDay.swift */; };
		29EF3A912A0FF49900F9FFCA /* TrackerFormViewController.swift in Sources */ = {isa = PBXBuildFile; fileRef = 29EF3A902A0FF49900F9FFCA /* TrackerFormViewController.swift */; };
		29EF3A932A0FFB8400F9FFCA /* ListOfItems.swift in Sources */ = {isa = PBXBuildFile; fileRef = 29EF3A922A0FFB8400F9FFCA /* ListOfItems.swift */; };
		29EF3A9A2A0FFD6F00F9FFCA /* ListCells.swift in Sources */ = {isa = PBXBuildFile; fileRef = 29EF3A992A0FFD6F00F9FFCA /* ListCells.swift */; };
		29EF3A9D2A10077500F9FFCA /* TrackerCell.swift in Sources */ = {isa = PBXBuildFile; fileRef = 29EF3A9C2A10077500F9FFCA /* TrackerCell.swift */; };
		29EF3A9F2A1007D000F9FFCA /* TrackerCategoryNames.swift in Sources */ = {isa = PBXBuildFile; fileRef = 29EF3A9E2A1007D000F9FFCA /* TrackerCategoryNames.swift */; };
		29EF3AA72A106C7700F9FFCA /* UILabel+Extension.swift in Sources */ = {isa = PBXBuildFile; fileRef = 29EF3AA62A106C7700F9FFCA /* UILabel+Extension.swift */; };
		29EF3AA92A107BD300F9FFCA /* UICollectionView+Extension.swift in Sources */ = {isa = PBXBuildFile; fileRef = 29EF3AA82A107BD300F9FFCA /* UICollectionView+Extension.swift */; };
/* End PBXBuildFile section */

/* Begin PBXFileReference section */
		2902034B2A29648600F217F9 /* OnboardingViewController.swift */ = {isa = PBXFileReference; lastKnownFileType = sourcecode.swift; path = OnboardingViewController.swift; sourceTree = "<group>"; };
		2902034D2A29C68600F217F9 /* OnboardingPageViewController.swift */ = {isa = PBXFileReference; lastKnownFileType = sourcecode.swift; path = OnboardingPageViewController.swift; sourceTree = "<group>"; };
		290203952A2D92E700F217F9 /* SetCategoriesViewController.swift */ = {isa = PBXFileReference; lastKnownFileType = sourcecode.swift; path = SetCategoriesViewController.swift; sourceTree = "<group>"; };
		290203972A2D937600F217F9 /* CategoryCell.swift */ = {isa = PBXFileReference; lastKnownFileType = sourcecode.swift; path = CategoryCell.swift; sourceTree = "<group>"; };
		290203992A2DA0F500F217F9 /* CategoriesViewModel.swift */ = {isa = PBXFileReference; lastKnownFileType = sourcecode.swift; path = CategoriesViewModel.swift; sourceTree = "<group>"; };
		290203A12A2EEBB600F217F9 /* CategoryFormViewController.swift */ = {isa = PBXFileReference; lastKnownFileType = sourcecode.swift; path = CategoryFormViewController.swift; sourceTree = "<group>"; };
		2925C4032A11904F0040332B /* TrackerTextField.swift */ = {isa = PBXFileReference; lastKnownFileType = sourcecode.swift; path = TrackerTextField.swift; sourceTree = "<group>"; };
		2925C4052A11A3CD0040332B /* ScheduleViewController.swift */ = {isa = PBXFileReference; lastKnownFileType = sourcecode.swift; path = ScheduleViewController.swift; sourceTree = "<group>"; };
		2925C4072A11A4F20040332B /* WeekdayCell.swift */ = {isa = PBXFileReference; lastKnownFileType = sourcecode.swift; path = WeekdayCell.swift; sourceTree = "<group>"; };
		295605352A108A76008F0983 /* UIStackView+Extension.swift */ = {isa = PBXFileReference; lastKnownFileType = sourcecode.swift; path = "UIStackView+Extension.swift"; sourceTree = "<group>"; };
		295605372A108F48008F0983 /* Date Int+Extension.swift */ = {isa = PBXFileReference; lastKnownFileType = sourcecode.swift; path = "Date Int+Extension.swift"; sourceTree = "<group>"; };
		29675B392A1B19200092DC7C /* Model.xcdatamodel */ = {isa = PBXFileReference; lastKnownFileType = wrapper.xcdatamodel; path = Model.xcdatamodel; sourceTree = "<group>"; };
		29675B3B2A1B1B8F0092DC7C /* EmojiCell.swift */ = {isa = PBXFileReference; lastKnownFileType = sourcecode.swift; path = EmojiCell.swift; sourceTree = "<group>"; };
		29675B3F2A1C78590092DC7C /* ColorCell.swift */ = {isa = PBXFileReference; lastKnownFileType = sourcecode.swift; path = ColorCell.swift; sourceTree = "<group>"; };
		29675B412A1D6B970092DC7C /* TrackerStore.swift */ = {isa = PBXFileReference; lastKnownFileType = sourcecode.swift; path = TrackerStore.swift; sourceTree = "<group>"; };
		29675B432A1D6BAC0092DC7C /* TrackerCategoryStore.swift */ = {isa = PBXFileReference; lastKnownFileType = sourcecode.swift; path = TrackerCategoryStore.swift; sourceTree = "<group>"; };
		29675B452A1D6BC40092DC7C /* TrackerRecordStore.swift */ = {isa = PBXFileReference; lastKnownFileType = sourcecode.swift; path = TrackerRecordStore.swift; sourceTree = "<group>"; };
		29675B472A1D6D980092DC7C /* UIColorMarshalling.swift */ = {isa = PBXFileReference; lastKnownFileType = sourcecode.swift; path = UIColorMarshalling.swift; sourceTree = "<group>"; };
		29D392132A35BCA200DF8E04 /* en */ = {isa = PBXFileReference; lastKnownFileType = text.plist.strings; name = en; path = en.lproj/Localizable.strings; sourceTree = "<group>"; };
		29D392232A35C21000DF8E04 /* en */ = {isa = PBXFileReference; lastKnownFileType = text.plist.stringsdict; name = en; path = en.lproj/Localizable.stringsdict; sourceTree = "<group>"; };
		29D3922E2A35C44B00DF8E04 /* ru */ = {isa = PBXFileReference; lastKnownFileType = text.plist.strings; name = ru; path = ru.lproj/Localizable.strings; sourceTree = "<group>"; };
		29D392302A35C4F800DF8E04 /* ru */ = {isa = PBXFileReference; lastKnownFileType = text.plist.stringsdict; name = ru; path = ru.lproj/Localizable.stringsdict; sourceTree = "<group>"; };
		29EF3A622A0D704800F9FFCA /* Tracker-iOS.app */ = {isa = PBXFileReference; explicitFileType = wrapper.application; includeInIndex = 0; path = "Tracker-iOS.app"; sourceTree = BUILT_PRODUCTS_DIR; };
		29EF3A652A0D704800F9FFCA /* AppDelegate.swift */ = {isa = PBXFileReference; lastKnownFileType = sourcecode.swift; path = AppDelegate.swift; sourceTree = "<group>"; };
		29EF3A672A0D704800F9FFCA /* SceneDelegate.swift */ = {isa = PBXFileReference; lastKnownFileType = sourcecode.swift; path = SceneDelegate.swift; sourceTree = "<group>"; };
		29EF3A692A0D704800F9FFCA /* TabBarViewController.swift */ = {isa = PBXFileReference; lastKnownFileType = sourcecode.swift; path = TabBarViewController.swift; sourceTree = "<group>"; };
		29EF3A6E2A0D704900F9FFCA /* Assets.xcassets */ = {isa = PBXFileReference; lastKnownFileType = folder.assetcatalog; path = Assets.xcassets; sourceTree = "<group>"; };
		29EF3A712A0D704900F9FFCA /* Base */ = {isa = PBXFileReference; lastKnownFileType = file.storyboard; name = Base; path = Base.lproj/LaunchScreen.storyboard; sourceTree = "<group>"; };
		29EF3A732A0D704900F9FFCA /* Info.plist */ = {isa = PBXFileReference; lastKnownFileType = text.plist.xml; path = Info.plist; sourceTree = "<group>"; };
		29EF3A792A0D9F1F00F9FFCA /* Colors+Extension.swift */ = {isa = PBXFileReference; lastKnownFileType = sourcecode.swift; path = "Colors+Extension.swift"; sourceTree = "<group>"; };
		29EF3A7B2A0DA16B00F9FFCA /* TrackersViewController.swift */ = {isa = PBXFileReference; lastKnownFileType = sourcecode.swift; path = TrackersViewController.swift; sourceTree = "<group>"; };
		29EF3A7D2A0DA18000F9FFCA /* StatisticViewController.swift */ = {isa = PBXFileReference; lastKnownFileType = sourcecode.swift; path = StatisticViewController.swift; sourceTree = "<group>"; };
		29EF3A802A0DA67300F9FFCA /* Emoji.swift */ = {isa = PBXFileReference; lastKnownFileType = sourcecode.swift; path = Emoji.swift; sourceTree = "<group>"; };
		29EF3A832A0DBA1800F9FFCA /* ShowPreviewUI.swift */ = {isa = PBXFileReference; lastKnownFileType = sourcecode.swift; path = ShowPreviewUI.swift; sourceTree = "<group>"; };
		29EF3A852A0E9A3200F9FFCA /* SetTrackersViewController.swift */ = {isa = PBXFileReference; lastKnownFileType = sourcecode.swift; path = SetTrackersViewController.swift; sourceTree = "<group>"; };
		29EF3A882A0FE3B900F9FFCA /* Tracker.swift */ = {isa = PBXFileReference; lastKnownFileType = sourcecode.swift; path = Tracker.swift; sourceTree = "<group>"; };
		29EF3A8A2A0FE3CA00F9FFCA /* TrackerCategory.swift */ = {isa = PBXFileReference; lastKnownFileType = sourcecode.swift; path = TrackerCategory.swift; sourceTree = "<group>"; };
		29EF3A8C2A0FE3DA00F9FFCA /* TrackerRecord.swift */ = {isa = PBXFileReference; lastKnownFileType = sourcecode.swift; path = TrackerRecord.swift; sourceTree = "<group>"; };
		29EF3A8E2A0FE67F00F9FFCA /* WeekDay.swift */ = {isa = PBXFileReference; lastKnownFileType = sourcecode.swift; path = WeekDay.swift; sourceTree = "<group>"; };
		29EF3A902A0FF49900F9FFCA /* TrackerFormViewController.swift */ = {isa = PBXFileReference; lastKnownFileType = sourcecode.swift; path = TrackerFormViewController.swift; sourceTree = "<group>"; };
		29EF3A922A0FFB8400F9FFCA /* ListOfItems.swift */ = {isa = PBXFileReference; lastKnownFileType = sourcecode.swift; path = ListOfItems.swift; sourceTree = "<group>"; };
		29EF3A992A0FFD6F00F9FFCA /* ListCells.swift */ = {isa = PBXFileReference; lastKnownFileType = sourcecode.swift; path = ListCells.swift; sourceTree = "<group>"; };
		29EF3A9C2A10077500F9FFCA /* TrackerCell.swift */ = {isa = PBXFileReference; lastKnownFileType = sourcecode.swift; path = TrackerCell.swift; sourceTree = "<group>"; };
		29EF3A9E2A1007D000F9FFCA /* TrackerCategoryNames.swift */ = {isa = PBXFileReference; lastKnownFileType = sourcecode.swift; path = TrackerCategoryNames.swift; sourceTree = "<group>"; };
		29EF3AA62A106C7700F9FFCA /* UILabel+Extension.swift */ = {isa = PBXFileReference; lastKnownFileType = sourcecode.swift; path = "UILabel+Extension.swift"; sourceTree = "<group>"; };
		29EF3AA82A107BD300F9FFCA /* UICollectionView+Extension.swift */ = {isa = PBXFileReference; lastKnownFileType = sourcecode.swift; path = "UICollectionView+Extension.swift"; sourceTree = "<group>"; };
/* End PBXFileReference section */

/* Begin PBXFrameworksBuildPhase section */
		29EF3A5F2A0D704800F9FFCA /* Frameworks */ = {
			isa = PBXFrameworksBuildPhase;
			buildActionMask = 2147483647;
			files = (
			);
			runOnlyForDeploymentPostprocessing = 0;
		};
/* End PBXFrameworksBuildPhase section */

/* Begin PBXGroup section */
		290203942A2D92BD00F217F9 /* AddCategories */ = {
			isa = PBXGroup;
			children = (
				290203992A2DA0F500F217F9 /* CategoriesViewModel.swift */,
			);
			path = AddCategories;
			sourceTree = "<group>";
		};
		2956053B2A1132FE008F0983 /* Extensions */ = {
			isa = PBXGroup;
			children = (
				29EF3A792A0D9F1F00F9FFCA /* Colors+Extension.swift */,
				29EF3AA62A106C7700F9FFCA /* UILabel+Extension.swift */,
				29EF3AA82A107BD300F9FFCA /* UICollectionView+Extension.swift */,
				295605352A108A76008F0983 /* UIStackView+Extension.swift */,
				295605372A108F48008F0983 /* Date Int+Extension.swift */,
			);
			path = Extensions;
			sourceTree = "<group>";
		};
		29675B372A1B18FD0092DC7C /* CoreData */ = {
			isa = PBXGroup;
			children = (
				29675B382A1B19200092DC7C /* Model.xcdatamodeld */,
				29675B412A1D6B970092DC7C /* TrackerStore.swift */,
				29675B432A1D6BAC0092DC7C /* TrackerCategoryStore.swift */,
				29675B452A1D6BC40092DC7C /* TrackerRecordStore.swift */,
				29675B472A1D6D980092DC7C /* UIColorMarshalling.swift */,
			);
			path = CoreData;
			sourceTree = "<group>";
		};
		29D392092A35B80600DF8E04 /* Resource */ = {
			isa = PBXGroup;
			children = (
				29D392142A35BCA200DF8E04 /* Localizable.strings */,
				29D392242A35C21000DF8E04 /* Localizable.stringsdict */,
			);
			path = Resource;
			sourceTree = "<group>";
		};
		29EF3A592A0D704800F9FFCA = {
			isa = PBXGroup;
			children = (
				29EF3A642A0D704800F9FFCA /* Tracker-iOS */,
				29EF3A632A0D704800F9FFCA /* Products */,
			);
			sourceTree = "<group>";
		};
		29EF3A632A0D704800F9FFCA /* Products */ = {
			isa = PBXGroup;
			children = (
				29EF3A622A0D704800F9FFCA /* Tracker-iOS.app */,
			);
			name = Products;
			sourceTree = "<group>";
		};
		29EF3A642A0D704800F9FFCA /* Tracker-iOS */ = {
			isa = PBXGroup;
			children = (
				29D392092A35B80600DF8E04 /* Resource */,
				29EF3A7F2A0DA38500F9FFCA /* ViewControllers */,
				290203942A2D92BD00F217F9 /* AddCategories */,
				29EF3A872A0FE39200F9FFCA /* UIStructs */,
				29EF3A9B2A10072100F9FFCA /* Trackers */,
				29EF3A982A0FFD0B00F9FFCA /* Cells */,
				29675B372A1B18FD0092DC7C /* CoreData */,
				29EF3A822A0DA68600F9FFCA /* Helpers */,
				2956053B2A1132FE008F0983 /* Extensions */,
				29EF3A652A0D704800F9FFCA /* AppDelegate.swift */,
				29EF3A672A0D704800F9FFCA /* SceneDelegate.swift */,
				29EF3A732A0D704900F9FFCA /* Info.plist */,
			);
			path = "Tracker-iOS";
			sourceTree = "<group>";
		};
		29EF3A7F2A0DA38500F9FFCA /* ViewControllers */ = {
			isa = PBXGroup;
			children = (
				2902034B2A29648600F217F9 /* OnboardingViewController.swift */,
				2902034D2A29C68600F217F9 /* OnboardingPageViewController.swift */,
				29EF3A692A0D704800F9FFCA /* TabBarViewController.swift */,
				29EF3A7B2A0DA16B00F9FFCA /* TrackersViewController.swift */,
				29EF3A7D2A0DA18000F9FFCA /* StatisticViewController.swift */,
				29EF3A852A0E9A3200F9FFCA /* SetTrackersViewController.swift */,
				29EF3A902A0FF49900F9FFCA /* TrackerFormViewController.swift */,
				2925C4052A11A3CD0040332B /* ScheduleViewController.swift */,
				290203952A2D92E700F217F9 /* SetCategoriesViewController.swift */,
				290203A12A2EEBB600F217F9 /* CategoryFormViewController.swift */,
			);
			path = ViewControllers;
			sourceTree = "<group>";
		};
		29EF3A822A0DA68600F9FFCA /* Helpers */ = {
			isa = PBXGroup;
			children = (
				29EF3A802A0DA67300F9FFCA /* Emoji.swift */,
				29EF3A6E2A0D704900F9FFCA /* Assets.xcassets */,
				29EF3A702A0D704900F9FFCA /* LaunchScreen.storyboard */,
				29EF3A832A0DBA1800F9FFCA /* ShowPreviewUI.swift */,
			);
			path = Helpers;
			sourceTree = "<group>";
		};
		29EF3A872A0FE39200F9FFCA /* UIStructs */ = {
			isa = PBXGroup;
			children = (
				29EF3A882A0FE3B900F9FFCA /* Tracker.swift */,
				29EF3A8A2A0FE3CA00F9FFCA /* TrackerCategory.swift */,
				29EF3A8C2A0FE3DA00F9FFCA /* TrackerRecord.swift */,
				29EF3A8E2A0FE67F00F9FFCA /* WeekDay.swift */,
			);
			path = UIStructs;
			sourceTree = "<group>";
		};
		29EF3A982A0FFD0B00F9FFCA /* Cells */ = {
			isa = PBXGroup;
			children = (
				29EF3A992A0FFD6F00F9FFCA /* ListCells.swift */,
				29EF3A9C2A10077500F9FFCA /* TrackerCell.swift */,
				2925C4072A11A4F20040332B /* WeekdayCell.swift */,
				29675B3B2A1B1B8F0092DC7C /* EmojiCell.swift */,
				29675B3F2A1C78590092DC7C /* ColorCell.swift */,
				29EF3A922A0FFB8400F9FFCA /* ListOfItems.swift */,
				290203972A2D937600F217F9 /* CategoryCell.swift */,
			);
			path = Cells;
			sourceTree = "<group>";
		};
		29EF3A9B2A10072100F9FFCA /* Trackers */ = {
			isa = PBXGroup;
			children = (
				29EF3A9E2A1007D000F9FFCA /* TrackerCategoryNames.swift */,
				2925C4032A11904F0040332B /* TrackerTextField.swift */,
			);
			path = Trackers;
			sourceTree = "<group>";
		};
/* End PBXGroup section */

/* Begin PBXNativeTarget section */
		29EF3A612A0D704800F9FFCA /* Tracker-iOS */ = {
			isa = PBXNativeTarget;
			buildConfigurationList = 29EF3A762A0D704900F9FFCA /* Build configuration list for PBXNativeTarget "Tracker-iOS" */;
			buildPhases = (
				29EF3A5E2A0D704800F9FFCA /* Sources */,
				29EF3A5F2A0D704800F9FFCA /* Frameworks */,
				29EF3A602A0D704800F9FFCA /* Resources */,
			);
			buildRules = (
			);
			dependencies = (
			);
			name = "Tracker-iOS";
			productName = "Tracker-iOS";
			productReference = 29EF3A622A0D704800F9FFCA /* Tracker-iOS.app */;
			productType = "com.apple.product-type.application";
		};
/* End PBXNativeTarget section */

/* Begin PBXProject section */
		29EF3A5A2A0D704800F9FFCA /* Project object */ = {
			isa = PBXProject;
			attributes = {
				BuildIndependentTargetsInParallel = 1;
				LastSwiftUpdateCheck = 1430;
				LastUpgradeCheck = 1430;
				TargetAttributes = {
					29EF3A612A0D704800F9FFCA = {
						CreatedOnToolsVersion = 14.3;
					};
				};
			};
			buildConfigurationList = 29EF3A5D2A0D704800F9FFCA /* Build configuration list for PBXProject "Tracker-iOS" */;
			compatibilityVersion = "Xcode 14.0";
			developmentRegion = en;
			hasScannedForEncodings = 0;
			knownRegions = (
				en,
				Base,
				ru,
			);
			mainGroup = 29EF3A592A0D704800F9FFCA;
			productRefGroup = 29EF3A632A0D704800F9FFCA /* Products */;
			projectDirPath = "";
			projectRoot = "";
			targets = (
				29EF3A612A0D704800F9FFCA /* Tracker-iOS */,
			);
		};
/* End PBXProject section */

/* Begin PBXResourcesBuildPhase section */
		29EF3A602A0D704800F9FFCA /* Resources */ = {
			isa = PBXResourcesBuildPhase;
			buildActionMask = 2147483647;
			files = (
				29EF3A722A0D704900F9FFCA /* LaunchScreen.storyboard in Resources */,
				29D392122A35BCA200DF8E04 /* Localizable.strings in Resources */,
				29D392222A35C21000DF8E04 /* Localizable.stringsdict in Resources */,
				29EF3A6F2A0D704900F9FFCA /* Assets.xcassets in Resources */,
			);
			runOnlyForDeploymentPostprocessing = 0;
		};
/* End PBXResourcesBuildPhase section */

/* Begin PBXSourcesBuildPhase section */
		29EF3A5E2A0D704800F9FFCA /* Sources */ = {
			isa = PBXSourcesBuildPhase;
			buildActionMask = 2147483647;
			files = (
				29EF3A812A0DA67300F9FFCA /* Emoji.swift in Sources */,
				29EF3A6A2A0D704800F9FFCA /* TabBarViewController.swift in Sources */,
				29EF3A9D2A10077500F9FFCA /* TrackerCell.swift in Sources */,
				29EF3A932A0FFB8400F9FFCA /* ListOfItems.swift in Sources */,
				29EF3A892A0FE3B900F9FFCA /* Tracker.swift in Sources */,
				29675B3A2A1B19200092DC7C /* Model.xcdatamodeld in Sources */,
				295605382A108F48008F0983 /* Date Int+Extension.swift in Sources */,
				295605362A108A76008F0983 /* UIStackView+Extension.swift in Sources */,
				2902039A2A2DA0F500F217F9 /* CategoriesViewModel.swift in Sources */,
				29EF3A862A0E9A3200F9FFCA /* SetTrackersViewController.swift in Sources */,
				2925C4082A11A4F20040332B /* WeekdayCell.swift in Sources */,
				29EF3A662A0D704800F9FFCA /* AppDelegate.swift in Sources */,
				29675B462A1D6BC40092DC7C /* TrackerRecordStore.swift in Sources */,
				29EF3A8D2A0FE3DA00F9FFCA /* TrackerRecord.swift in Sources */,
				29EF3AA92A107BD300F9FFCA /* UICollectionView+Extension.swift in Sources */,
				290203A22A2EEBB600F217F9 /* CategoryFormViewController.swift in Sources */,
				29675B422A1D6B970092DC7C /* TrackerStore.swift in Sources */,
				2925C4062A11A3CD0040332B /* ScheduleViewController.swift in Sources */,
				29EF3A7C2A0DA16B00F9FFCA /* TrackersViewController.swift in Sources */,
				29EF3A8F2A0FE67F00F9FFCA /* WeekDay.swift in Sources */,
				29EF3A9A2A0FFD6F00F9FFCA /* ListCells.swift in Sources */,
				290203962A2D92E700F217F9 /* SetCategoriesViewController.swift in Sources */,
				29EF3A7E2A0DA18000F9FFCA /* StatisticViewController.swift in Sources */,
				29EF3A7A2A0D9F1F00F9FFCA /* Colors+Extension.swift in Sources */,
				29EF3A9F2A1007D000F9FFCA /* TrackerCategoryNames.swift in Sources */,
				290203982A2D937600F217F9 /* CategoryCell.swift in Sources */,
				29675B402A1C78590092DC7C /* ColorCell.swift in Sources */,
				2925C4042A11904F0040332B /* TrackerTextField.swift in Sources */,
				2902034E2A29C68600F217F9 /* OnboardingPageViewController.swift in Sources */,
				29675B482A1D6D980092DC7C /* UIColorMarshalling.swift in Sources */,
				29675B442A1D6BAC0092DC7C /* TrackerCategoryStore.swift in Sources */,
				29675B3C2A1B1B8F0092DC7C /* EmojiCell.swift in Sources */,
				29EF3A682A0D704800F9FFCA /* SceneDelegate.swift in Sources */,
				29EF3A912A0FF49900F9FFCA /* TrackerFormViewController.swift in Sources */,
				29EF3A842A0DBA1800F9FFCA /* ShowPreviewUI.swift in Sources */,
				29EF3A8B2A0FE3CA00F9FFCA /* TrackerCategory.swift in Sources */,
				2902034C2A29648600F217F9 /* OnboardingViewController.swift in Sources */,
				29EF3AA72A106C7700F9FFCA /* UILabel+Extension.swift in Sources */,
			);
			runOnlyForDeploymentPostprocessing = 0;
		};
/* End PBXSourcesBuildPhase section */

/* Begin PBXVariantGroup section */
		29D392142A35BCA200DF8E04 /* Localizable.strings */ = {
			isa = PBXVariantGroup;
			children = (
				29D392132A35BCA200DF8E04 /* en */,
				29D3922E2A35C44B00DF8E04 /* ru */,
			);
			name = Localizable.strings;
			sourceTree = "<group>";
		};
		29D392242A35C21000DF8E04 /* Localizable.stringsdict */ = {
			isa = PBXVariantGroup;
			children = (
				29D392232A35C21000DF8E04 /* en */,
				29D392302A35C4F800DF8E04 /* ru */,
			);
			name = Localizable.stringsdict;
			sourceTree = "<group>";
		};
		29EF3A702A0D704900F9FFCA /* LaunchScreen.storyboard */ = {
			isa = PBXVariantGroup;
			children = (
				29EF3A712A0D704900F9FFCA /* Base */,
			);
			name = LaunchScreen.storyboard;
			sourceTree = "<group>";
		};
/* End PBXVariantGroup section */

/* Begin XCBuildConfiguration section */
		29EF3A742A0D704900F9FFCA /* Debug */ = {
			isa = XCBuildConfiguration;
			buildSettings = {
				ALWAYS_SEARCH_USER_PATHS = NO;
				CLANG_ANALYZER_LOCALIZABILITY_NONLOCALIZED = YES;
				CLANG_ANALYZER_NONNULL = YES;
				CLANG_ANALYZER_NUMBER_OBJECT_CONVERSION = YES_AGGRESSIVE;
				CLANG_CXX_LANGUAGE_STANDARD = "gnu++20";
				CLANG_ENABLE_MODULES = YES;
				CLANG_ENABLE_OBJC_ARC = YES;
				CLANG_ENABLE_OBJC_WEAK = YES;
				CLANG_WARN_BLOCK_CAPTURE_AUTORELEASING = YES;
				CLANG_WARN_BOOL_CONVERSION = YES;
				CLANG_WARN_COMMA = YES;
				CLANG_WARN_CONSTANT_CONVERSION = YES;
				CLANG_WARN_DEPRECATED_OBJC_IMPLEMENTATIONS = YES;
				CLANG_WARN_DIRECT_OBJC_ISA_USAGE = YES_ERROR;
				CLANG_WARN_DOCUMENTATION_COMMENTS = YES;
				CLANG_WARN_EMPTY_BODY = YES;
				CLANG_WARN_ENUM_CONVERSION = YES;
				CLANG_WARN_INFINITE_RECURSION = YES;
				CLANG_WARN_INT_CONVERSION = YES;
				CLANG_WARN_NON_LITERAL_NULL_CONVERSION = YES;
				CLANG_WARN_OBJC_IMPLICIT_RETAIN_SELF = YES;
				CLANG_WARN_OBJC_LITERAL_CONVERSION = YES;
				CLANG_WARN_OBJC_ROOT_CLASS = YES_ERROR;
				CLANG_WARN_QUOTED_INCLUDE_IN_FRAMEWORK_HEADER = YES;
				CLANG_WARN_RANGE_LOOP_ANALYSIS = YES;
				CLANG_WARN_STRICT_PROTOTYPES = YES;
				CLANG_WARN_SUSPICIOUS_MOVE = YES;
				CLANG_WARN_UNGUARDED_AVAILABILITY = YES_AGGRESSIVE;
				CLANG_WARN_UNREACHABLE_CODE = YES;
				CLANG_WARN__DUPLICATE_METHOD_MATCH = YES;
				COPY_PHASE_STRIP = NO;
				DEBUG_INFORMATION_FORMAT = dwarf;
				ENABLE_STRICT_OBJC_MSGSEND = YES;
				ENABLE_TESTABILITY = YES;
				GCC_C_LANGUAGE_STANDARD = gnu11;
				GCC_DYNAMIC_NO_PIC = NO;
				GCC_NO_COMMON_BLOCKS = YES;
				GCC_OPTIMIZATION_LEVEL = 0;
				GCC_PREPROCESSOR_DEFINITIONS = (
					"DEBUG=1",
					"$(inherited)",
				);
				GCC_WARN_64_TO_32_BIT_CONVERSION = YES;
				GCC_WARN_ABOUT_RETURN_TYPE = YES_ERROR;
				GCC_WARN_UNDECLARED_SELECTOR = YES;
				GCC_WARN_UNINITIALIZED_AUTOS = YES_AGGRESSIVE;
				GCC_WARN_UNUSED_FUNCTION = YES;
				GCC_WARN_UNUSED_VARIABLE = YES;
				IPHONEOS_DEPLOYMENT_TARGET = 13.4;
				MTL_ENABLE_DEBUG_INFO = INCLUDE_SOURCE;
				MTL_FAST_MATH = YES;
				ONLY_ACTIVE_ARCH = YES;
				SDKROOT = iphoneos;
				SWIFT_ACTIVE_COMPILATION_CONDITIONS = DEBUG;
				SWIFT_OPTIMIZATION_LEVEL = "-Onone";
			};
			name = Debug;
		};
		29EF3A752A0D704900F9FFCA /* Release */ = {
			isa = XCBuildConfiguration;
			buildSettings = {
				ALWAYS_SEARCH_USER_PATHS = NO;
				CLANG_ANALYZER_LOCALIZABILITY_NONLOCALIZED = YES;
				CLANG_ANALYZER_NONNULL = YES;
				CLANG_ANALYZER_NUMBER_OBJECT_CONVERSION = YES_AGGRESSIVE;
				CLANG_CXX_LANGUAGE_STANDARD = "gnu++20";
				CLANG_ENABLE_MODULES = YES;
				CLANG_ENABLE_OBJC_ARC = YES;
				CLANG_ENABLE_OBJC_WEAK = YES;
				CLANG_WARN_BLOCK_CAPTURE_AUTORELEASING = YES;
				CLANG_WARN_BOOL_CONVERSION = YES;
				CLANG_WARN_COMMA = YES;
				CLANG_WARN_CONSTANT_CONVERSION = YES;
				CLANG_WARN_DEPRECATED_OBJC_IMPLEMENTATIONS = YES;
				CLANG_WARN_DIRECT_OBJC_ISA_USAGE = YES_ERROR;
				CLANG_WARN_DOCUMENTATION_COMMENTS = YES;
				CLANG_WARN_EMPTY_BODY = YES;
				CLANG_WARN_ENUM_CONVERSION = YES;
				CLANG_WARN_INFINITE_RECURSION = YES;
				CLANG_WARN_INT_CONVERSION = YES;
				CLANG_WARN_NON_LITERAL_NULL_CONVERSION = YES;
				CLANG_WARN_OBJC_IMPLICIT_RETAIN_SELF = YES;
				CLANG_WARN_OBJC_LITERAL_CONVERSION = YES;
				CLANG_WARN_OBJC_ROOT_CLASS = YES_ERROR;
				CLANG_WARN_QUOTED_INCLUDE_IN_FRAMEWORK_HEADER = YES;
				CLANG_WARN_RANGE_LOOP_ANALYSIS = YES;
				CLANG_WARN_STRICT_PROTOTYPES = YES;
				CLANG_WARN_SUSPICIOUS_MOVE = YES;
				CLANG_WARN_UNGUARDED_AVAILABILITY = YES_AGGRESSIVE;
				CLANG_WARN_UNREACHABLE_CODE = YES;
				CLANG_WARN__DUPLICATE_METHOD_MATCH = YES;
				COPY_PHASE_STRIP = NO;
				DEBUG_INFORMATION_FORMAT = "dwarf-with-dsym";
				ENABLE_NS_ASSERTIONS = NO;
				ENABLE_STRICT_OBJC_MSGSEND = YES;
				GCC_C_LANGUAGE_STANDARD = gnu11;
				GCC_NO_COMMON_BLOCKS = YES;
				GCC_WARN_64_TO_32_BIT_CONVERSION = YES;
				GCC_WARN_ABOUT_RETURN_TYPE = YES_ERROR;
				GCC_WARN_UNDECLARED_SELECTOR = YES;
				GCC_WARN_UNINITIALIZED_AUTOS = YES_AGGRESSIVE;
				GCC_WARN_UNUSED_FUNCTION = YES;
				GCC_WARN_UNUSED_VARIABLE = YES;
				IPHONEOS_DEPLOYMENT_TARGET = 13.4;
				MTL_ENABLE_DEBUG_INFO = NO;
				MTL_FAST_MATH = YES;
				SDKROOT = iphoneos;
				SWIFT_COMPILATION_MODE = wholemodule;
				SWIFT_OPTIMIZATION_LEVEL = "-O";
				VALIDATE_PRODUCT = YES;
			};
			name = Release;
		};
		29EF3A772A0D704900F9FFCA /* Debug */ = {
			isa = XCBuildConfiguration;
			buildSettings = {
				ASSETCATALOG_COMPILER_APPICON_NAME = AppIcon;
				ASSETCATALOG_COMPILER_GLOBAL_ACCENT_COLOR_NAME = AccentColor;
				CODE_SIGN_STYLE = Automatic;
				CURRENT_PROJECT_VERSION = 1;
				DEVELOPMENT_TEAM = A8593NVZ3H;
				GENERATE_INFOPLIST_FILE = YES;
				INFOPLIST_FILE = "Tracker-iOS/Info.plist";
				INFOPLIST_KEY_UIApplicationSupportsIndirectInputEvents = YES;
				INFOPLIST_KEY_UILaunchStoryboardName = LaunchScreen;
				INFOPLIST_KEY_UISupportedInterfaceOrientations = UIInterfaceOrientationPortrait;
				IPHONEOS_DEPLOYMENT_TARGET = 13.4;
				LD_RUNPATH_SEARCH_PATHS = (
					"$(inherited)",
					"@executable_path/Frameworks",
				);
				MARKETING_VERSION = 1.0;
				PRODUCT_BUNDLE_IDENTIFIER = "ru.yandex.practicum.Tracker-iOS";
				PRODUCT_NAME = "$(TARGET_NAME)";
				SUPPORTED_PLATFORMS = "iphoneos iphonesimulator";
				SUPPORTS_MACCATALYST = NO;
				SUPPORTS_MAC_DESIGNED_FOR_IPHONE_IPAD = NO;
				SWIFT_EMIT_LOC_STRINGS = YES;
				SWIFT_VERSION = 5.0;
				TARGETED_DEVICE_FAMILY = 1;
			};
			name = Debug;
		};
		29EF3A782A0D704900F9FFCA /* Release */ = {
			isa = XCBuildConfiguration;
			buildSettings = {
				ASSETCATALOG_COMPILER_APPICON_NAME = AppIcon;
				ASSETCATALOG_COMPILER_GLOBAL_ACCENT_COLOR_NAME = AccentColor;
				CODE_SIGN_STYLE = Automatic;
				CURRENT_PROJECT_VERSION = 1;
				DEVELOPMENT_TEAM = A8593NVZ3H;
				GENERATE_INFOPLIST_FILE = YES;
				INFOPLIST_FILE = "Tracker-iOS/Info.plist";
				INFOPLIST_KEY_UIApplicationSupportsIndirectInputEvents = YES;
				INFOPLIST_KEY_UILaunchStoryboardName = LaunchScreen;
				INFOPLIST_KEY_UISupportedInterfaceOrientations = UIInterfaceOrientationPortrait;
				IPHONEOS_DEPLOYMENT_TARGET = 13.4;
				LD_RUNPATH_SEARCH_PATHS = (
					"$(inherited)",
					"@executable_path/Frameworks",
				);
				MARKETING_VERSION = 1.0;
				PRODUCT_BUNDLE_IDENTIFIER = "ru.yandex.practicum.Tracker-iOS";
				PRODUCT_NAME = "$(TARGET_NAME)";
				SUPPORTED_PLATFORMS = "iphoneos iphonesimulator";
				SUPPORTS_MACCATALYST = NO;
				SUPPORTS_MAC_DESIGNED_FOR_IPHONE_IPAD = NO;
				SWIFT_EMIT_LOC_STRINGS = YES;
				SWIFT_VERSION = 5.0;
				TARGETED_DEVICE_FAMILY = 1;
			};
			name = Release;
		};
/* End XCBuildConfiguration section */

/* Begin XCConfigurationList section */
		29EF3A5D2A0D704800F9FFCA /* Build configuration list for PBXProject "Tracker-iOS" */ = {
			isa = XCConfigurationList;
			buildConfigurations = (
				29EF3A742A0D704900F9FFCA /* Debug */,
				29EF3A752A0D704900F9FFCA /* Release */,
			);
			defaultConfigurationIsVisible = 0;
			defaultConfigurationName = Release;
		};
		29EF3A762A0D704900F9FFCA /* Build configuration list for PBXNativeTarget "Tracker-iOS" */ = {
			isa = XCConfigurationList;
			buildConfigurations = (
				29EF3A772A0D704900F9FFCA /* Debug */,
				29EF3A782A0D704900F9FFCA /* Release */,
			);
			defaultConfigurationIsVisible = 0;
			defaultConfigurationName = Release;
		};
/* End XCConfigurationList section */

/* Begin XCVersionGroup section */
		29675B382A1B19200092DC7C /* Model.xcdatamodeld */ = {
			isa = XCVersionGroup;
			children = (
				29675B392A1B19200092DC7C /* Model.xcdatamodel */,
			);
			currentVersion = 29675B392A1B19200092DC7C /* Model.xcdatamodel */;
			path = Model.xcdatamodeld;
			sourceTree = "<group>";
			versionGroupType = wrapper.xcdatamodel;
		};
/* End XCVersionGroup section */
	};
	rootObject = 29EF3A5A2A0D704800F9FFCA /* Project object */;
}
